github.com/DataDog/datadog-go v0.0.0-20190409101831-be7ca570f91a h1:H75A3+xkXrpXjjVFulkgDBOa6+xLj4NylyTDN/k+VF8=
github.com/DataDog/datadog-go v0.0.0-20190409101831-be7ca570f91a/go.mod h1:LButxg5PwREeZtORoXG3tL4fMGNddJ+vMq1mwgfaqoQ=
github.com/davecgh/go-spew v1.1.1/go.mod h1:J7Y8YcW2NihsgmVo/mv3lAwl/skON4iLHjSsI+c5H38=
github.com/gorilla/mux v1.7.1 h1:Dw4jY2nghMMRsh1ol8dv1axHkDwMQK2DHerMNJsIpJU=
github.com/gorilla/mux v1.7.1/go.mod h1:1lud6UwP+6orDFRuTfBEV8e9/aOM/c4fVVCaMa2zaAs=
github.com/hashicorp/go-hclog v0.8.0 h1:z3ollgGRg8RjfJH6UVBaG54R70GFd++QOkvnJH3VSBY=
github.com/hashicorp/go-hclog v0.8.0/go.mod h1:5CU+agLiy3J7N7QjHK5d05KxGsuXiQLrjA0H7acj2lQ=
github.com/matryer/is v1.2.0 h1:92UTHpy8CDwaJ08GqLDzhhuixiBUUD1p3AU6PHddz4A=
github.com/matryer/is v1.2.0/go.mod h1:2fLPjFQM9rhQ15aVEtbuwhJinnOqrmgXPNdZsdwlWXA=
github.com/nicholasjackson/env v0.2.0 h1:RN0W5LYYFaT1DS1mJ/MYyoKKhjsQq8f43DnYNfEz9Wo=
github.com/nicholasjackson/env v0.2.0/go.mod h1:8PvK2K2IBkG9ANQ9TJq7D0EGIblM5hS5SglTXLkX/04=
github.com/pmezard/go-difflib v1.0.0/go.mod h1:iKH77koFhYxTK1pcRnkKkqfTogsbg7gZNVY4sRDYZ/4=
github.com/stretchr/testify v1.2.2/go.mod h1:a8OnRcib4nhh0OaRAV+Yts87kKdq0PP7pXfy6kDkUVs=
gocv.io/x/gocv v0.19.0 h1:S/V3wt7n6XD1IiLNutMunyoMhL9kkZ/5hFhrTrqNBUI=
gocv.io/x/gocv v0.19.0/go.mod h1:3qacsKAMRS0sZmeLySWcbFeVEU3t86igWaQleAgiuBg=
